{
  "nodes": {
    "finals-master": {
      "inputs": {
        "flakeNimbleLib": [
          "flakeNimbleLib"
        ],
        "nixpkgs": [
          "nixpkgs"
        ],
        "src-finals-master": "src-finals-master"
      },
      "locked": {
        "dir": "master",
        "lastModified": 1667322274,
        "narHash": "sha256-s3eETPT3URLYdO4yHcy5l7QBSZ2tfqD/J82EvdDQ3ZU=",
        "owner": "nim-nix-pkgs",
        "repo": "finals",
        "rev": "97e637613300930b4a6033bb20f4313ba9a6ac3b",
        "type": "github"
      },
      "original": {
        "dir": "master",
        "owner": "nim-nix-pkgs",
        "ref": "master",
        "repo": "finals",
        "type": "github"
      }
    },
    "flakeNimbleLib": {
      "inputs": {
        "nixpkgs": [
          "nixpkgs"
        ]
      },
      "locked": {
        "lastModified": 1662018438,
        "narHash": "sha256-QtNtU6+LX3Wokxf0zlFwKTFOcn6TeDjKQZ+DA9OYtvM=",
        "owner": "riinr",
        "repo": "nim-flakes-lib",
        "rev": "b1fe8340736e3a85d25c709ac3dfd82a55c03cbf",
        "type": "github"
      },
      "original": {
        "owner": "riinr",
        "ref": "master",
        "repo": "nim-flakes-lib",
        "type": "github"
      }
    },
    "nixpkgs": {
      "locked": {
        "lastModified": 1667199707,
        "narHash": "sha256-I2Js3Y7gUyVSEXPULHlBoRek4Lh85vnevdS6mdvDNLI=",
        "owner": "NixOS",
        "repo": "nixpkgs",
        "rev": "ced197be72099edcfa68ebed8b87af7b04851f45",
        "type": "github"
      },
      "original": {
        "id": "nixpkgs",
        "type": "indirect"
      }
    },
    "root": {
      "inputs": {
        "finals-master": "finals-master",
        "flakeNimbleLib": "flakeNimbleLib",
        "nixpkgs": "nixpkgs"
      }
    },
    "src-finals-master": {
      "flake": false,
      "locked": {
        "lastModified": 1557539799,
        "narHash": "sha256-wQpeQAWq54LUeBY9AK7Z0lL7QitD/m5HyvAMyaW+b9M=",
        "owner": "quelklef",
        "repo": "nim-finals",
        "rev": "769fdd4035b781039d19ea930e23e16cc80c7ced",
        "type": "github"
      },
      "original": {
        "owner": "quelklef",
        "ref": "refs/heads/master",
        "repo": "nim-finals",
        "type": "github"
      }
    }
  },
  "root": "root",
  "version": 7
}
